
Microsoft Visual Studio Solution File, Format Version 12.00
# Visual Studio Version 17
VisualStudioVersion = 17.13.35919.96 d17.13
MinimumVisualStudioVersion = 10.0.40219.1
Project("{FAE04EC0-301F-11D3-BF4B-00C04F79EFBC}") = "API Testing Task 2", "API Testing Task 2\API Testing Task 2.csproj", "{B62D887A-62B7-4E3F-9880-B24BB17D318B}"
EndProject
Global
	GlobalSection(SolutionConfigurationPlatforms) = preSolution
		Debug|Any CPU = Debug|Any CPU
		Release|Any CPU = Release|Any CPU
	EndGlobalSection
	GlobalSection(ProjectConfigurationPlatforms) = postSolution
		{B62D887A-62B7-4E3F-9880-B24BB17D318B}.Debug|Any CPU.ActiveCfg = Debug|Any CPU
		{B62D887A-62B7-4E3F-9880-B24BB17D318B}.Debug|Any CPU.Build.0 = Debug|Any CPU
		{B62D887A-62B7-4E3F-9880-B24BB17D318B}.Release|Any CPU.ActiveCfg = Release|Any CPU
		{B62D887A-62B7-4E3F-9880-B24BB17D318B}.Release|Any CPU.Build.0 = Release|Any CPU
	EndGlobalSection
	GlobalSection(SolutionProperties) = preSolution
		HideSolutionNode = FALSE
	EndGlobalSection
	GlobalSection(ExtensibilityGlobals) = postSolution
		SolutionGuid = {E3BE69B1-EEC4-4EFC-A722-7027F6B21DCC}
	EndGlobalSection
EndGlobal
